
Microsoft Visual Studio Solution File, Format Version 12.00
# Visual Studio Version 17
VisualStudioVersion = 17.9.34701.34
MinimumVisualStudioVersion = 10.0.40219.1
Project("{FAE04EC0-301F-11D3-BF4B-00C04F79EFBC}") = "C#_Upr1", "C#_Upr1\C#_Upr1.csproj", "{57C5D5AE-DBFA-400A-B53F-030282BFA5B2}"
EndProject
Global
	GlobalSection(SolutionConfigurationPlatforms) = preSolution
		Debug|Any CPU = Debug|Any CPU
		Release|Any CPU = Release|Any CPU
	EndGlobalSection
	GlobalSection(ProjectConfigurationPlatforms) = postSolution
		{57C5D5AE-DBFA-400A-B53F-030282BFA5B2}.Debug|Any CPU.ActiveCfg = Debug|Any CPU
		{57C5D5AE-DBFA-400A-B53F-030282BFA5B2}.Debug|Any CPU.Build.0 = Debug|Any CPU
		{57C5D5AE-DBFA-400A-B53F-030282BFA5B2}.Release|Any CPU.ActiveCfg = Release|Any CPU
		{57C5D5AE-DBFA-400A-B53F-030282BFA5B2}.Release|Any CPU.Build.0 = Release|Any CPU
	EndGlobalSection
	GlobalSection(SolutionProperties) = preSolution
		HideSolutionNode = FALSE
	EndGlobalSection
	GlobalSection(ExtensibilityGlobals) = postSolution
		SolutionGuid = {A2FF57CD-3A62-4908-95BD-97D8393FA23F}
	EndGlobalSection
EndGlobal
