
Microsoft Visual Studio Solution File, Format Version 12.00
# Visual Studio Version 17
VisualStudioVersion = 17.9.34701.34
MinimumVisualStudioVersion = 10.0.40219.1
Project("{FAE04EC0-301F-11D3-BF4B-00C04F79EFBC}") = "C#_Upr3", "C#_Upr3\C#_Upr3.csproj", "{86BB45D6-4F6B-4FED-9DE6-DE73C478F676}"
EndProject
Global
	GlobalSection(SolutionConfigurationPlatforms) = preSolution
		Debug|Any CPU = Debug|Any CPU
		Release|Any CPU = Release|Any CPU
	EndGlobalSection
	GlobalSection(ProjectConfigurationPlatforms) = postSolution
		{86BB45D6-4F6B-4FED-9DE6-DE73C478F676}.Debug|Any CPU.ActiveCfg = Debug|Any CPU
		{86BB45D6-4F6B-4FED-9DE6-DE73C478F676}.Debug|Any CPU.Build.0 = Debug|Any CPU
		{86BB45D6-4F6B-4FED-9DE6-DE73C478F676}.Release|Any CPU.ActiveCfg = Release|Any CPU
		{86BB45D6-4F6B-4FED-9DE6-DE73C478F676}.Release|Any CPU.Build.0 = Release|Any CPU
	EndGlobalSection
	GlobalSection(SolutionProperties) = preSolution
		HideSolutionNode = FALSE
	EndGlobalSection
	GlobalSection(ExtensibilityGlobals) = postSolution
		SolutionGuid = {820848E2-B907-43EA-BD25-4AF0FE8A23E4}
	EndGlobalSection
EndGlobal
