
Microsoft Visual Studio Solution File, Format Version 12.00
# Visual Studio Version 17
VisualStudioVersion = 17.9.34701.34
MinimumVisualStudioVersion = 10.0.40219.1
Project("{9A19103F-16F7-4668-BE54-9A1E7A4F7556}") = "Transliteration.Web", "Transliteration.Web\Transliteration.Web.csproj", "{EE3B09E7-E1B9-4CBE-94AF-DFEF7AC0D62D}"
EndProject
Project("{FAE04EC0-301F-11D3-BF4B-00C04F79EFBC}") = "Transliteration.Web.ViewModels", "Transliteration.Web.ViewModels\Transliteration.Web.ViewModels.csproj", "{4BFBD5B6-ECF7-40AB-9899-9480E7068747}"
EndProject
Project("{FAE04EC0-301F-11D3-BF4B-00C04F79EFBC}") = "Transliteration.Services.Data", "Transliteration.Services.Data\Transliteration.Services.Data.csproj", "{D9E52C79-C09D-47DE-A00F-ADA2950BA693}"
EndProject
Project("{FAE04EC0-301F-11D3-BF4B-00C04F79EFBC}") = "Transliteration.Data.Models", "Transliteration.Data.Models\Transliteration.Data.Models.csproj", "{5AEB0AC2-EBD8-4046-B9D0-ECCFA694810D}"
EndProject
Project("{FAE04EC0-301F-11D3-BF4B-00C04F79EFBC}") = "Transliteration.Data", "Transliteration.Data\Transliteration.Data.csproj", "{C71138DF-0F2D-4971-90AE-EC954C2897D0}"
EndProject
Global
	GlobalSection(SolutionConfigurationPlatforms) = preSolution
		Debug|Any CPU = Debug|Any CPU
		Release|Any CPU = Release|Any CPU
	EndGlobalSection
	GlobalSection(ProjectConfigurationPlatforms) = postSolution
		{EE3B09E7-E1B9-4CBE-94AF-DFEF7AC0D62D}.Debug|Any CPU.ActiveCfg = Debug|Any CPU
		{EE3B09E7-E1B9-4CBE-94AF-DFEF7AC0D62D}.Debug|Any CPU.Build.0 = Debug|Any CPU
		{EE3B09E7-E1B9-4CBE-94AF-DFEF7AC0D62D}.Release|Any CPU.ActiveCfg = Release|Any CPU
		{EE3B09E7-E1B9-4CBE-94AF-DFEF7AC0D62D}.Release|Any CPU.Build.0 = Release|Any CPU
		{4BFBD5B6-ECF7-40AB-9899-9480E7068747}.Debug|Any CPU.ActiveCfg = Debug|Any CPU
		{4BFBD5B6-ECF7-40AB-9899-9480E7068747}.Debug|Any CPU.Build.0 = Debug|Any CPU
		{4BFBD5B6-ECF7-40AB-9899-9480E7068747}.Release|Any CPU.ActiveCfg = Release|Any CPU
		{4BFBD5B6-ECF7-40AB-9899-9480E7068747}.Release|Any CPU.Build.0 = Release|Any CPU
		{D9E52C79-C09D-47DE-A00F-ADA2950BA693}.Debug|Any CPU.ActiveCfg = Debug|Any CPU
		{D9E52C79-C09D-47DE-A00F-ADA2950BA693}.Debug|Any CPU.Build.0 = Debug|Any CPU
		{D9E52C79-C09D-47DE-A00F-ADA2950BA693}.Release|Any CPU.ActiveCfg = Release|Any CPU
		{D9E52C79-C09D-47DE-A00F-ADA2950BA693}.Release|Any CPU.Build.0 = Release|Any CPU
		{5AEB0AC2-EBD8-4046-B9D0-ECCFA694810D}.Debug|Any CPU.ActiveCfg = Debug|Any CPU
		{5AEB0AC2-EBD8-4046-B9D0-ECCFA694810D}.Debug|Any CPU.Build.0 = Debug|Any CPU
		{5AEB0AC2-EBD8-4046-B9D0-ECCFA694810D}.Release|Any CPU.ActiveCfg = Release|Any CPU
		{5AEB0AC2-EBD8-4046-B9D0-ECCFA694810D}.Release|Any CPU.Build.0 = Release|Any CPU
		{C71138DF-0F2D-4971-90AE-EC954C2897D0}.Debug|Any CPU.ActiveCfg = Debug|Any CPU
		{C71138DF-0F2D-4971-90AE-EC954C2897D0}.Debug|Any CPU.Build.0 = Debug|Any CPU
		{C71138DF-0F2D-4971-90AE-EC954C2897D0}.Release|Any CPU.ActiveCfg = Release|Any CPU
		{C71138DF-0F2D-4971-90AE-EC954C2897D0}.Release|Any CPU.Build.0 = Release|Any CPU
	EndGlobalSection
	GlobalSection(SolutionProperties) = preSolution
		HideSolutionNode = FALSE
	EndGlobalSection
	GlobalSection(ExtensibilityGlobals) = postSolution
		SolutionGuid = {85E1700B-B6A9-45AF-9E9A-8FD98B35D8DA}
	EndGlobalSection
EndGlobal
